<?xml version="1.0" encoding="utf-8"?>
<Project ToolsVersion="4.0" xmlns="http://schemas.microsoft.com/developer/msbuild/2003">
  <ItemGroup>
    <Filter Include="Engine Files">
      <UniqueIdentifier>{80fd97b0-ba62-4f7f-9051-7d1dd8f64e06}</UniqueIdentifier>
    </Filter>
    <Filter Include="Game Files">
      <UniqueIdentifier>{18d01f92-9169-43f5-9d2a-9e0f40a6dbb5}</UniqueIdentifier>
    </Filter>
    <Filter Include="Game Files\SubClasses">
      <UniqueIdentifier>{6c995964-0e3a-4c76-96c3-60c30a6c3c06}</UniqueIdentifier>
    </Filter>
  </ItemGroup>
  <ItemGroup>
    <ClCompile Include="Game.cpp">
      <Filter>Game Files</Filter>
    </ClCompile>
    <ClCompile Include="main.cpp">
      <Filter>Engine Files</Filter>
    </ClCompile>
    <ClCompile Include="pch.cpp">
      <Filter>Engine Files</Filter>
    </ClCompile>
    <ClCompile Include="PowerUp.cpp">
      <Filter>Game Files\SubClasses</Filter>
    </ClCompile>
  </ItemGroup>
  <ItemGroup>
    <ClInclude Include="pch.h">
      <Filter>Engine Files</Filter>
    </ClInclude>
    <ClInclude Include="Game.h">
      <Filter>Game Files</Filter>
    </ClInclude>
    <ClInclude Include="PowerUp.h">
      <Filter>Game Files\SubClasses</Filter>
    </ClInclude>
  </ItemGroup>
</Project>