<?xml version="1.0" encoding="utf-8"?>
<Project ToolsVersion="4.0" xmlns="http://schemas.microsoft.com/developer/msbuild/2003">
  <ItemGroup>
    <Filter Include="Game Files">
      <UniqueIdentifier>{2f56af5b-5641-4f7e-90e9-89ff5c496847}</UniqueIdentifier>
    </Filter>
    <Filter Include="Engine Files">
      <UniqueIdentifier>{ea0f7815-fe07-4894-accd-551f3564c4f5}</UniqueIdentifier>
    </Filter>
    <Filter Include="Game Files\SubClasses">
      <UniqueIdentifier>{d5070db3-2e27-465e-ae4e-76471f59539b}</UniqueIdentifier>
    </Filter>
  </ItemGroup>
  <ItemGroup>
    <ClCompile Include="Game.cpp">
      <Filter>Game Files</Filter>
    </ClCompile>
    <ClCompile Include="main.cpp">
      <Filter>Engine Files</Filter>
    </ClCompile>
    <ClCompile Include="pch.cpp">
      <Filter>Engine Files</Filter>
    </ClCompile>
    <ClCompile Include="Card.cpp">
      <Filter>Game Files\SubClasses</Filter>
    </ClCompile>
  </ItemGroup>
  <ItemGroup>
    <ClInclude Include="Game.h">
      <Filter>Game Files</Filter>
    </ClInclude>
    <ClInclude Include="pch.h">
      <Filter>Engine Files</Filter>
    </ClInclude>
    <ClInclude Include="Card.h">
      <Filter>Game Files\SubClasses</Filter>
    </ClInclude>
  </ItemGroup>
</Project>