<?xml version="1.0" encoding="utf-8"?>
<Project ToolsVersion="4.0" xmlns="http://schemas.microsoft.com/developer/msbuild/2003">
  <ItemGroup>
    <Filter Include="Game Files">
      <UniqueIdentifier>{36ad518d-0842-47d1-9882-3ca3257139bb}</UniqueIdentifier>
    </Filter>
    <Filter Include="Engine Files">
      <UniqueIdentifier>{47aff898-4e98-4455-b659-fc251e0abb6e}</UniqueIdentifier>
    </Filter>
    <Filter Include="Game Files\SubClasses">
      <UniqueIdentifier>{bd10a453-3186-4008-869a-3d8c98a4e250}</UniqueIdentifier>
    </Filter>
  </ItemGroup>
  <ItemGroup>
    <ClCompile Include="Game.cpp">
      <Filter>Game Files</Filter>
    </ClCompile>
    <ClCompile Include="main.cpp">
      <Filter>Engine Files</Filter>
    </ClCompile>
    <ClCompile Include="pch.cpp">
      <Filter>Engine Files</Filter>
    </ClCompile>
    <ClCompile Include="PowerUp.cpp">
      <Filter>Game Files\SubClasses</Filter>
    </ClCompile>
    <ClCompile Include="PowerUpManager.cpp">
      <Filter>Game Files\SubClasses</Filter>
    </ClCompile>
    <ClCompile Include="Avatar.cpp">
      <Filter>Game Files\SubClasses</Filter>
    </ClCompile>
    <ClCompile Include="Level.cpp">
      <Filter>Game Files\SubClasses</Filter>
    </ClCompile>
  </ItemGroup>
  <ItemGroup>
    <ClInclude Include="Game.h">
      <Filter>Game Files</Filter>
    </ClInclude>
    <ClInclude Include="pch.h">
      <Filter>Engine Files</Filter>
    </ClInclude>
    <ClInclude Include="PowerUp.h">
      <Filter>Game Files\SubClasses</Filter>
    </ClInclude>
    <ClInclude Include="PowerUpManager.h">
      <Filter>Game Files\SubClasses</Filter>
    </ClInclude>
    <ClInclude Include="Avatar.h">
      <Filter>Game Files\SubClasses</Filter>
    </ClInclude>
    <ClInclude Include="Level.h">
      <Filter>Game Files\SubClasses</Filter>
    </ClInclude>
  </ItemGroup>
</Project>