<?xml version="1.0" encoding="utf-8"?>
<Project ToolsVersion="4.0" xmlns="http://schemas.microsoft.com/developer/msbuild/2003">
  <ItemGroup>
    <Filter Include="Game Files">
      <UniqueIdentifier>{699b84d5-a017-4ec6-9ef4-833604c1ce88}</UniqueIdentifier>
    </Filter>
    <Filter Include="Engine Files">
      <UniqueIdentifier>{e57a7e07-a1a9-4a45-9b2d-e397021e5a97}</UniqueIdentifier>
    </Filter>
    <Filter Include="Game Files\SubClasses">
      <UniqueIdentifier>{772c82eb-9be6-4ed4-9ecc-047fabe4b094}</UniqueIdentifier>
    </Filter>
  </ItemGroup>
  <ItemGroup>
    <ClCompile Include="Game.cpp">
      <Filter>Game Files</Filter>
    </ClCompile>
    <ClCompile Include="main.cpp">
      <Filter>Engine Files</Filter>
    </ClCompile>
    <ClCompile Include="pch.cpp">
      <Filter>Engine Files</Filter>
    </ClCompile>
    <ClCompile Include="Card.cpp">
      <Filter>Game Files\SubClasses</Filter>
    </ClCompile>
  </ItemGroup>
  <ItemGroup>
    <ClInclude Include="Game.h">
      <Filter>Game Files</Filter>
    </ClInclude>
    <ClInclude Include="pch.h">
      <Filter>Engine Files</Filter>
    </ClInclude>
    <ClInclude Include="Card.h">
      <Filter>Game Files\SubClasses</Filter>
    </ClInclude>
  </ItemGroup>
</Project>